
Microsoft Visual Studio Solution File, Format Version 12.00
# Visual Studio Version 16
VisualStudioVersion = 16.0.29418.71
MinimumVisualStudioVersion = 10.0.40219.1
Project("{FAE04EC0-301F-11D3-BF4B-00C04F79EFBC}") = "EKRLib", "EKRLib\EKRLib.csproj", "{580D2C90-50D3-4529-B066-7086B6783BC0}"
EndProject
Project("{FAE04EC0-301F-11D3-BF4B-00C04F79EFBC}") = "EKR-1", "EKR-1\EKR-1.csproj", "{C54DA158-B266-43D8-A379-55D704BE9A9A}"
EndProject
Project("{FAE04EC0-301F-11D3-BF4B-00C04F79EFBC}") = "EKR-2", "EKR-2\EKR-2.csproj", "{732E05BF-45FC-4BC3-B9D5-DE672B49F86D}"
EndProject
Global
	GlobalSection(SolutionConfigurationPlatforms) = preSolution
		Debug|Any CPU = Debug|Any CPU
		Release|Any CPU = Release|Any CPU
	EndGlobalSection
	GlobalSection(ProjectConfigurationPlatforms) = postSolution
		{580D2C90-50D3-4529-B066-7086B6783BC0}.Debug|Any CPU.ActiveCfg = Debug|Any CPU
		{580D2C90-50D3-4529-B066-7086B6783BC0}.Debug|Any CPU.Build.0 = Debug|Any CPU
		{580D2C90-50D3-4529-B066-7086B6783BC0}.Release|Any CPU.ActiveCfg = Release|Any CPU
		{580D2C90-50D3-4529-B066-7086B6783BC0}.Release|Any CPU.Build.0 = Release|Any CPU
		{C54DA158-B266-43D8-A379-55D704BE9A9A}.Debug|Any CPU.ActiveCfg = Debug|Any CPU
		{C54DA158-B266-43D8-A379-55D704BE9A9A}.Debug|Any CPU.Build.0 = Debug|Any CPU
		{C54DA158-B266-43D8-A379-55D704BE9A9A}.Release|Any CPU.ActiveCfg = Release|Any CPU
		{C54DA158-B266-43D8-A379-55D704BE9A9A}.Release|Any CPU.Build.0 = Release|Any CPU
		{732E05BF-45FC-4BC3-B9D5-DE672B49F86D}.Debug|Any CPU.ActiveCfg = Debug|Any CPU
		{732E05BF-45FC-4BC3-B9D5-DE672B49F86D}.Debug|Any CPU.Build.0 = Debug|Any CPU
		{732E05BF-45FC-4BC3-B9D5-DE672B49F86D}.Release|Any CPU.ActiveCfg = Release|Any CPU
		{732E05BF-45FC-4BC3-B9D5-DE672B49F86D}.Release|Any CPU.Build.0 = Release|Any CPU
	EndGlobalSection
	GlobalSection(SolutionProperties) = preSolution
		HideSolutionNode = FALSE
	EndGlobalSection
	GlobalSection(ExtensibilityGlobals) = postSolution
		SolutionGuid = {45670C04-360B-458C-BB60-21BDC7C28DAB}
	EndGlobalSection
EndGlobal
